
Microsoft Visual Studio Solution File, Format Version 12.00
# Visual Studio 15
VisualStudioVersion = 15.0.28307.329
MinimumVisualStudioVersion = 10.0.40219.1
Project("{FAE04EC0-301F-11D3-BF4B-00C04F79EFBC}") = "OrderProcessing.Lib", "OrderProcessing.Lib\OrderProcessing.Lib.csproj", "{36E75A15-A450-4CEF-8382-94BC237F7630}"
EndProject
Project("{FAE04EC0-301F-11D3-BF4B-00C04F79EFBC}") = "OrderProcessing.Lib.UnitTests", "OrderProcessing.Lib.UnitTests\OrderProcessing.Lib.UnitTests.csproj", "{D8472548-94DA-46B8-A46D-87E9A30E36BA}"
EndProject
Global
	GlobalSection(SolutionConfigurationPlatforms) = preSolution
		Debug|Any CPU = Debug|Any CPU
		Release|Any CPU = Release|Any CPU
	EndGlobalSection
	GlobalSection(ProjectConfigurationPlatforms) = postSolution
		{36E75A15-A450-4CEF-8382-94BC237F7630}.Debug|Any CPU.ActiveCfg = Debug|Any CPU
		{36E75A15-A450-4CEF-8382-94BC237F7630}.Debug|Any CPU.Build.0 = Debug|Any CPU
		{36E75A15-A450-4CEF-8382-94BC237F7630}.Release|Any CPU.ActiveCfg = Release|Any CPU
		{36E75A15-A450-4CEF-8382-94BC237F7630}.Release|Any CPU.Build.0 = Release|Any CPU
		{D8472548-94DA-46B8-A46D-87E9A30E36BA}.Debug|Any CPU.ActiveCfg = Debug|Any CPU
		{D8472548-94DA-46B8-A46D-87E9A30E36BA}.Debug|Any CPU.Build.0 = Debug|Any CPU
		{D8472548-94DA-46B8-A46D-87E9A30E36BA}.Release|Any CPU.ActiveCfg = Release|Any CPU
		{D8472548-94DA-46B8-A46D-87E9A30E36BA}.Release|Any CPU.Build.0 = Release|Any CPU
	EndGlobalSection
	GlobalSection(SolutionProperties) = preSolution
		HideSolutionNode = FALSE
	EndGlobalSection
	GlobalSection(ExtensibilityGlobals) = postSolution
		SolutionGuid = {BCAE0F30-34CA-4DBB-844B-2E2C7D04F684}
	EndGlobalSection
EndGlobal
